
Microsoft Visual Studio Solution File, Format Version 12.00
# Visual Studio Version 17
VisualStudioVersion = 17.10.35004.147
MinimumVisualStudioVersion = 10.0.40219.1
Project("{00D1A9C2-B5F0-4AF3-8072-F6C62B433612}") = "CENTI_SSIS_JOB_CARGA_EXTERIOR", "CENTI_SSIS_JOB_CARGA_EXTERIOR\CENTI_SSIS_JOB_CARGA_EXTERIOR.sqlproj", "{55F97659-B88B-471A-B746-E8A485766E28}"
EndProject
Global
	GlobalSection(SolutionConfigurationPlatforms) = preSolution
		Debug|Any CPU = Debug|Any CPU
		Release|Any CPU = Release|Any CPU
	EndGlobalSection
	GlobalSection(ProjectConfigurationPlatforms) = postSolution
		{55F97659-B88B-471A-B746-E8A485766E28}.Debug|Any CPU.ActiveCfg = Debug|Any CPU
		{55F97659-B88B-471A-B746-E8A485766E28}.Debug|Any CPU.Build.0 = Debug|Any CPU
		{55F97659-B88B-471A-B746-E8A485766E28}.Debug|Any CPU.Deploy.0 = Debug|Any CPU
		{55F97659-B88B-471A-B746-E8A485766E28}.Release|Any CPU.ActiveCfg = Release|Any CPU
		{55F97659-B88B-471A-B746-E8A485766E28}.Release|Any CPU.Build.0 = Release|Any CPU
		{55F97659-B88B-471A-B746-E8A485766E28}.Release|Any CPU.Deploy.0 = Release|Any CPU
	EndGlobalSection
	GlobalSection(SolutionProperties) = preSolution
		HideSolutionNode = FALSE
	EndGlobalSection
	GlobalSection(ExtensibilityGlobals) = postSolution
		SolutionGuid = {8E1167D1-A16E-4AB5-87FA-701310400967}
	EndGlobalSection
EndGlobal
